
Microsoft Visual Studio Solution File, Format Version 12.00
Project("{FAE04EC0-301F-11D3-BF4B-00C04F79EFBC}") = "PGO.Identity.SignedSessions", "PGO.Identity.SignedSessions\PGO.Identity.SignedSessions.csproj", "{72080495-2575-4222-8007-DE8DD9932A26}"
EndProject
Project("{FAE04EC0-301F-11D3-BF4B-00C04F79EFBC}") = "PGO.Identity.SignedSessions.Tests", "PGO.Identity.SignedSessions.Tests\PGO.Identity.SignedSessions.Tests.csproj", "{44DD52DB-9B5C-4AC7-8A8D-4E30518E2C8F}"
EndProject
Global
	GlobalSection(SolutionConfigurationPlatforms) = preSolution
		Debug|Any CPU = Debug|Any CPU
		Release|Any CPU = Release|Any CPU
	EndGlobalSection
	GlobalSection(ProjectConfigurationPlatforms) = postSolution
		{72080495-2575-4222-8007-DE8DD9932A26}.Debug|Any CPU.ActiveCfg = Debug|Any CPU
		{72080495-2575-4222-8007-DE8DD9932A26}.Debug|Any CPU.Build.0 = Debug|Any CPU
		{72080495-2575-4222-8007-DE8DD9932A26}.Release|Any CPU.ActiveCfg = Release|Any CPU
		{72080495-2575-4222-8007-DE8DD9932A26}.Release|Any CPU.Build.0 = Release|Any CPU
		{44DD52DB-9B5C-4AC7-8A8D-4E30518E2C8F}.Debug|Any CPU.ActiveCfg = Debug|Any CPU
		{44DD52DB-9B5C-4AC7-8A8D-4E30518E2C8F}.Debug|Any CPU.Build.0 = Debug|Any CPU
		{44DD52DB-9B5C-4AC7-8A8D-4E30518E2C8F}.Release|Any CPU.ActiveCfg = Release|Any CPU
		{44DD52DB-9B5C-4AC7-8A8D-4E30518E2C8F}.Release|Any CPU.Build.0 = Release|Any CPU
	EndGlobalSection
EndGlobal
